
Microsoft Visual Studio Solution File, Format Version 12.00
# Visual Studio 15
VisualStudioVersion = 15.0.26228.4
MinimumVisualStudioVersion = 10.0.40219.1
Project("{2150E333-8FDC-42A3-9474-1A3956D46DE8}") = "src", "src", "{B87D0349-F666-4A78-B185-FD1FE1DFC3E6}"
EndProject
Project("{2150E333-8FDC-42A3-9474-1A3956D46DE8}") = "test", "test", "{C85D4F1C-B540-489A-9ADB-D673C6C26F1D}"
EndProject
Project("{9A19103F-16F7-4668-BE54-9A1E7A4F7556}") = "ZNetCS.AspNetCore.Logging.EntityFrameworkCoreTest", "test\ZNetCS.AspNetCore.Logging.EntityFrameworkCoreTest\ZNetCS.AspNetCore.Logging.EntityFrameworkCoreTest.csproj", "{FF8AC07F-C72F-41C9-9242-613B60FF7780}"
EndProject
Project("{9A19103F-16F7-4668-BE54-9A1E7A4F7556}") = "ZNetCS.AspNetCore.Logging.EntityFrameworkCore", "src\ZNetCS.AspNetCore.Logging.EntityFrameworkCore\ZNetCS.AspNetCore.Logging.EntityFrameworkCore.csproj", "{B7286E9E-E953-4D24-AE60-20AF4BD0BAEA}"
EndProject
Project("{2150E333-8FDC-42A3-9474-1A3956D46DE8}") = "build", "build", "{D91CE32C-152A-4846-B25C-F8DF14AE3C6F}"
	ProjectSection(SolutionItems) = preProject
		src\Directory.Build.props = src\Directory.Build.props
		src\StrongNameKey.snk = src\StrongNameKey.snk
	EndProjectSection
EndProject
Project("{2150E333-8FDC-42A3-9474-1A3956D46DE8}") = "config", "config", "{AF9B7179-5EBC-4B24-A209-E8E65738DDC7}"
	ProjectSection(SolutionItems) = preProject
		.editorconfig = .editorconfig
		.gitignore = .gitignore
		LICENSE = LICENSE
		README.md = README.md
		stylecop.json = stylecop.json
	EndProjectSection
EndProject
Global
	GlobalSection(SolutionConfigurationPlatforms) = preSolution
		Debug|Any CPU = Debug|Any CPU
		Release|Any CPU = Release|Any CPU
	EndGlobalSection
	GlobalSection(ProjectConfigurationPlatforms) = postSolution
		{FF8AC07F-C72F-41C9-9242-613B60FF7780}.Debug|Any CPU.ActiveCfg = Debug|Any CPU
		{FF8AC07F-C72F-41C9-9242-613B60FF7780}.Debug|Any CPU.Build.0 = Debug|Any CPU
		{FF8AC07F-C72F-41C9-9242-613B60FF7780}.Release|Any CPU.ActiveCfg = Release|Any CPU
		{FF8AC07F-C72F-41C9-9242-613B60FF7780}.Release|Any CPU.Build.0 = Release|Any CPU
		{B7286E9E-E953-4D24-AE60-20AF4BD0BAEA}.Debug|Any CPU.ActiveCfg = Debug|Any CPU
		{B7286E9E-E953-4D24-AE60-20AF4BD0BAEA}.Debug|Any CPU.Build.0 = Debug|Any CPU
		{B7286E9E-E953-4D24-AE60-20AF4BD0BAEA}.Release|Any CPU.ActiveCfg = Release|Any CPU
		{B7286E9E-E953-4D24-AE60-20AF4BD0BAEA}.Release|Any CPU.Build.0 = Release|Any CPU
	EndGlobalSection
	GlobalSection(SolutionProperties) = preSolution
		HideSolutionNode = FALSE
	EndGlobalSection
	GlobalSection(NestedProjects) = preSolution
		{FF8AC07F-C72F-41C9-9242-613B60FF7780} = {C85D4F1C-B540-489A-9ADB-D673C6C26F1D}
		{B7286E9E-E953-4D24-AE60-20AF4BD0BAEA} = {B87D0349-F666-4A78-B185-FD1FE1DFC3E6}
	EndGlobalSection
EndGlobal
