
Microsoft Visual Studio Solution File, Format Version 12.00
# Visual Studio 14
VisualStudioVersion = 14.0.25420.1
MinimumVisualStudioVersion = 10.0.40219.1
Project("{2150E333-8FDC-42A3-9474-1A3956D46DE8}") = "src", "src", "{B87D0349-F666-4A78-B185-FD1FE1DFC3E6}"
EndProject
Project("{2150E333-8FDC-42A3-9474-1A3956D46DE8}") = "Solution Items", "Solution Items", "{2CAE5EA4-491A-4A51-9D87-0E7144EA715B}"
	ProjectSection(SolutionItems) = preProject
		global.json = global.json
		README.md = README.md
	EndProjectSection
EndProject
Project("{8BB2217D-0F2D-49D1-97BC-3654ED321F3B}") = "ZNetCS.AspNetCore.Logging.EntityFrameworkCore", "src\ZNetCS.AspNetCore.Logging.EntityFrameworkCore\ZNetCS.AspNetCore.Logging.EntityFrameworkCore.xproj", "{F56F98EB-7A88-4F81-AC08-E06F8265B142}"
EndProject
Project("{2150E333-8FDC-42A3-9474-1A3956D46DE8}") = "test", "test", "{C85D4F1C-B540-489A-9ADB-D673C6C26F1D}"
EndProject
Project("{8BB2217D-0F2D-49D1-97BC-3654ED321F3B}") = "ZNetCS.AspNetCore.Logging.EntityFrameworkCoreTest", "test\ZNetCS.AspNetCore.Logging.EntityFrameworkCoreTest\ZNetCS.AspNetCore.Logging.EntityFrameworkCoreTest.xproj", "{FF8AC07F-C72F-41C9-9242-613B60FF7780}"
EndProject
Global
	GlobalSection(SolutionConfigurationPlatforms) = preSolution
		Debug|Any CPU = Debug|Any CPU
		Release|Any CPU = Release|Any CPU
	EndGlobalSection
	GlobalSection(ProjectConfigurationPlatforms) = postSolution
		{F56F98EB-7A88-4F81-AC08-E06F8265B142}.Debug|Any CPU.ActiveCfg = Debug|Any CPU
		{F56F98EB-7A88-4F81-AC08-E06F8265B142}.Debug|Any CPU.Build.0 = Debug|Any CPU
		{F56F98EB-7A88-4F81-AC08-E06F8265B142}.Release|Any CPU.ActiveCfg = Release|Any CPU
		{F56F98EB-7A88-4F81-AC08-E06F8265B142}.Release|Any CPU.Build.0 = Release|Any CPU
		{FF8AC07F-C72F-41C9-9242-613B60FF7780}.Debug|Any CPU.ActiveCfg = Debug|Any CPU
		{FF8AC07F-C72F-41C9-9242-613B60FF7780}.Debug|Any CPU.Build.0 = Debug|Any CPU
		{FF8AC07F-C72F-41C9-9242-613B60FF7780}.Release|Any CPU.ActiveCfg = Release|Any CPU
		{FF8AC07F-C72F-41C9-9242-613B60FF7780}.Release|Any CPU.Build.0 = Release|Any CPU
	EndGlobalSection
	GlobalSection(SolutionProperties) = preSolution
		HideSolutionNode = FALSE
	EndGlobalSection
	GlobalSection(NestedProjects) = preSolution
		{F56F98EB-7A88-4F81-AC08-E06F8265B142} = {B87D0349-F666-4A78-B185-FD1FE1DFC3E6}
		{FF8AC07F-C72F-41C9-9242-613B60FF7780} = {C85D4F1C-B540-489A-9ADB-D673C6C26F1D}
	EndGlobalSection
EndGlobal
